// !$*UTF8*$!
{
	archiveVersion = 1;
	classes = {
	};
	objectVersion = 77;
	objects = {

/* Begin PBXBuildFile section */
		D4E68BA82C9FC85D00792617 /* FirebaseAuth in Frameworks */ = {isa = PBXBuildFile; productRef = D4E68BA72C9FC85D00792617 /* FirebaseAuth */; };
		D4E68BAA2C9FC85D00792617 /* FirebaseFirestore in Frameworks */ = {isa = PBXBuildFile; productRef = D4E68BA92C9FC85D00792617 /* FirebaseFirestore */; };
		D4E68BAC2C9FC85D00792617 /* FirebaseStorage in Frameworks */ = {isa = PBXBuildFile; productRef = D4E68BAB2C9FC85D00792617 /* FirebaseStorage */; };
		D4E68CCE2CA12BF800792617 /* Kingfisher in Frameworks */ = {isa = PBXBuildFile; productRef = D4E68CCD2CA12BF800792617 /* Kingfisher */; };
/* End PBXBuildFile section */

/* Begin PBXContainerItemProxy section */
		D4E68AED2C9F07C800792617 /* PBXContainerItemProxy */ = {
			isa = PBXContainerItemProxy;
			containerPortal = D4E68AD42C9F07C600792617 /* Project object */;
			proxyType = 1;
			remoteGlobalIDString = D4E68ADB2C9F07C600792617;
			remoteInfo = PostBud;
		};
		D4E68AF72C9F07C800792617 /* PBXContainerItemProxy */ = {
			isa = PBXContainerItemProxy;
			containerPortal = D4E68AD42C9F07C600792617 /* Project object */;
			proxyType = 1;
			remoteGlobalIDString = D4E68ADB2C9F07C600792617;
			remoteInfo = PostBud;
		};
/* End PBXContainerItemProxy section */

/* Begin PBXFileReference section */
		D4E68ADC2C9F07C600792617 /* PostBud.app */ = {isa = PBXFileReference; explicitFileType = wrapper.application; includeInIndex = 0; path = PostBud.app; sourceTree = BUILT_PRODUCTS_DIR; };
		D4E68AEC2C9F07C800792617 /* PostBudTests.xctest */ = {isa = PBXFileReference; explicitFileType = wrapper.cfbundle; includeInIndex = 0; path = PostBudTests.xctest; sourceTree = BUILT_PRODUCTS_DIR; };
		D4E68AF62C9F07C800792617 /* PostBudUITests.xctest */ = {isa = PBXFileReference; explicitFileType = wrapper.cfbundle; includeInIndex = 0; path = PostBudUITests.xctest; sourceTree = BUILT_PRODUCTS_DIR; };
/* End PBXFileReference section */

/* Begin PBXFileSystemSynchronizedRootGroup section */
		D4E68ADE2C9F07C600792617 /* PostBud */ = {
			isa = PBXFileSystemSynchronizedRootGroup;
			path = PostBud;
			sourceTree = "<group>";
		};
		D4E68AEF2C9F07C800792617 /* PostBudTests */ = {
			isa = PBXFileSystemSynchronizedRootGroup;
			path = PostBudTests;
			sourceTree = "<group>";
		};
		D4E68AF92C9F07C800792617 /* PostBudUITests */ = {
			isa = PBXFileSystemSynchronizedRootGroup;
			path = PostBudUITests;
			sourceTree = "<group>";
		};
/* End PBXFileSystemSynchronizedRootGroup section */

/* Begin PBXFrameworksBuildPhase section */
		D4E68AD92C9F07C600792617 /* Frameworks */ = {
			isa = PBXFrameworksBuildPhase;
			buildActionMask = 2147483647;
			files = (
				D4E68CCE2CA12BF800792617 /* Kingfisher in Frameworks */,
				D4E68BA82C9FC85D00792617 /* FirebaseAuth in Frameworks */,
				D4E68BAA2C9FC85D00792617 /* FirebaseFirestore in Frameworks */,
				D4E68BAC2C9FC85D00792617 /* FirebaseStorage in Frameworks */,
			);
			runOnlyForDeploymentPostprocessing = 0;
		};
		D4E68AE92C9F07C800792617 /* Frameworks */ = {
			isa = PBXFrameworksBuildPhase;
			buildActionMask = 2147483647;
			files = (
			);
			runOnlyForDeploymentPostprocessing = 0;
		};
		D4E68AF32C9F07C800792617 /* Frameworks */ = {
			isa = PBXFrameworksBuildPhase;
			buildActionMask = 2147483647;
			files = (
			);
			runOnlyForDeploymentPostprocessing = 0;
		};
/* End PBXFrameworksBuildPhase section */

/* Begin PBXGroup section */
		D4E68AD32C9F07C600792617 = {
			isa = PBXGroup;
			children = (
				D4E68ADE2C9F07C600792617 /* PostBud */,
				D4E68AEF2C9F07C800792617 /* PostBudTests */,
				D4E68AF92C9F07C800792617 /* PostBudUITests */,
				D4E68ADD2C9F07C600792617 /* Products */,
			);
			sourceTree = "<group>";
		};
		D4E68ADD2C9F07C600792617 /* Products */ = {
			isa = PBXGroup;
			children = (
				D4E68ADC2C9F07C600792617 /* PostBud.app */,
				D4E68AEC2C9F07C800792617 /* PostBudTests.xctest */,
				D4E68AF62C9F07C800792617 /* PostBudUITests.xctest */,
			);
			name = Products;
			sourceTree = "<group>";
		};
/* End PBXGroup section */

/* Begin PBXNativeTarget section */
		D4E68ADB2C9F07C600792617 /* PostBud */ = {
			isa = PBXNativeTarget;
			buildConfigurationList = D4E68B002C9F07C800792617 /* Build configuration list for PBXNativeTarget "PostBud" */;
			buildPhases = (
				D4E68AD82C9F07C600792617 /* Sources */,
				D4E68AD92C9F07C600792617 /* Frameworks */,
				D4E68ADA2C9F07C600792617 /* Resources */,
			);
			buildRules = (
			);
			dependencies = (
			);
			fileSystemSynchronizedGroups = (
				D4E68ADE2C9F07C600792617 /* PostBud */,
			);
			name = PostBud;
			packageProductDependencies = (
				D4E68BA72C9FC85D00792617 /* FirebaseAuth */,
				D4E68BA92C9FC85D00792617 /* FirebaseFirestore */,
				D4E68BAB2C9FC85D00792617 /* FirebaseStorage */,
				D4E68CCD2CA12BF800792617 /* Kingfisher */,
			);
			productName = PostBud;
			productReference = D4E68ADC2C9F07C600792617 /* PostBud.app */;
			productType = "com.apple.product-type.application";
		};
		D4E68AEB2C9F07C800792617 /* PostBudTests */ = {
			isa = PBXNativeTarget;
			buildConfigurationList = D4E68B032C9F07C800792617 /* Build configuration list for PBXNativeTarget "PostBudTests" */;
			buildPhases = (
				D4E68AE82C9F07C800792617 /* Sources */,
				D4E68AE92C9F07C800792617 /* Frameworks */,
				D4E68AEA2C9F07C800792617 /* Resources */,
			);
			buildRules = (
			);
			dependencies = (
				D4E68AEE2C9F07C800792617 /* PBXTargetDependency */,
			);
			fileSystemSynchronizedGroups = (
				D4E68AEF2C9F07C800792617 /* PostBudTests */,
			);
			name = PostBudTests;
			packageProductDependencies = (
			);
			productName = PostBudTests;
			productReference = D4E68AEC2C9F07C800792617 /* PostBudTests.xctest */;
			productType = "com.apple.product-type.bundle.unit-test";
		};
		D4E68AF52C9F07C800792617 /* PostBudUITests */ = {
			isa = PBXNativeTarget;
			buildConfigurationList = D4E68B062C9F07C800792617 /* Build configuration list for PBXNativeTarget "PostBudUITests" */;
			buildPhases = (
				D4E68AF22C9F07C800792617 /* Sources */,
				D4E68AF32C9F07C800792617 /* Frameworks */,
				D4E68AF42C9F07C800792617 /* Resources */,
			);
			buildRules = (
			);
			dependencies = (
				D4E68AF82C9F07C800792617 /* PBXTargetDependency */,
			);
			fileSystemSynchronizedGroups = (
				D4E68AF92C9F07C800792617 /* PostBudUITests */,
			);
			name = PostBudUITests;
			packageProductDependencies = (
			);
			productName = PostBudUITests;
			productReference = D4E68AF62C9F07C800792617 /* PostBudUITests.xctest */;
			productType = "com.apple.product-type.bundle.ui-testing";
		};
/* End PBXNativeTarget section */

/* Begin PBXProject section */
		D4E68AD42C9F07C600792617 /* Project object */ = {
			isa = PBXProject;
			attributes = {
				BuildIndependentTargetsInParallel = 1;
				LastSwiftUpdateCheck = 1600;
				LastUpgradeCheck = 1600;
				TargetAttributes = {
					D4E68ADB2C9F07C600792617 = {
						CreatedOnToolsVersion = 16.0;
					};
					D4E68AEB2C9F07C800792617 = {
						CreatedOnToolsVersion = 16.0;
						TestTargetID = D4E68ADB2C9F07C600792617;
					};
					D4E68AF52C9F07C800792617 = {
						CreatedOnToolsVersion = 16.0;
						TestTargetID = D4E68ADB2C9F07C600792617;
					};
				};
			};
			buildConfigurationList = D4E68AD72C9F07C600792617 /* Build configuration list for PBXProject "PostBud" */;
			developmentRegion = en;
			hasScannedForEncodings = 0;
			knownRegions = (
				en,
				Base,
			);
			mainGroup = D4E68AD32C9F07C600792617;
			minimizedProjectReferenceProxies = 1;
			packageReferences = (
				D4E68BA62C9FC85D00792617 /* XCRemoteSwiftPackageReference "firebase-ios-sdk" */,
				D4E68CCC2CA12B6C00792617 /* XCRemoteSwiftPackageReference "Kingfisher" */,
			);
			preferredProjectObjectVersion = 77;
			productRefGroup = D4E68ADD2C9F07C600792617 /* Products */;
			projectDirPath = "";
			projectRoot = "";
			targets = (
				D4E68ADB2C9F07C600792617 /* PostBud */,
				D4E68AEB2C9F07C800792617 /* PostBudTests */,
				D4E68AF52C9F07C800792617 /* PostBudUITests */,
			);
		};
/* End PBXProject section */

/* Begin PBXResourcesBuildPhase section */
		D4E68ADA2C9F07C600792617 /* Resources */ = {
			isa = PBXResourcesBuildPhase;
			buildActionMask = 2147483647;
			files = (
			);
			runOnlyForDeploymentPostprocessing = 0;
		};
		D4E68AEA2C9F07C800792617 /* Resources */ = {
			isa = PBXResourcesBuildPhase;
			buildActionMask = 2147483647;
			files = (
			);
			runOnlyForDeploymentPostprocessing = 0;
		};
		D4E68AF42C9F07C800792617 /* Resources */ = {
			isa = PBXResourcesBuildPhase;
			buildActionMask = 2147483647;
			files = (
			);
			runOnlyForDeploymentPostprocessing = 0;
		};
/* End PBXResourcesBuildPhase section */

/* Begin PBXSourcesBuildPhase section */
		D4E68AD82C9F07C600792617 /* Sources */ = {
			isa = PBXSourcesBuildPhase;
			buildActionMask = 2147483647;
			files = (
			);
			runOnlyForDeploymentPostprocessing = 0;
		};
		D4E68AE82C9F07C800792617 /* Sources */ = {
			isa = PBXSourcesBuildPhase;
			buildActionMask = 2147483647;
			files = (
			);
			runOnlyForDeploymentPostprocessing = 0;
		};
		D4E68AF22C9F07C800792617 /* Sources */ = {
			isa = PBXSourcesBuildPhase;
			buildActionMask = 2147483647;
			files = (
			);
			runOnlyForDeploymentPostprocessing = 0;
		};
/* End PBXSourcesBuildPhase section */

/* Begin PBXTargetDependency section */
		D4E68AEE2C9F07C800792617 /* PBXTargetDependency */ = {
			isa = PBXTargetDependency;
			target = D4E68ADB2C9F07C600792617 /* PostBud */;
			targetProxy = D4E68AED2C9F07C800792617 /* PBXContainerItemProxy */;
		};
		D4E68AF82C9F07C800792617 /* PBXTargetDependency */ = {
			isa = PBXTargetDependency;
			target = D4E68ADB2C9F07C600792617 /* PostBud */;
			targetProxy = D4E68AF72C9F07C800792617 /* PBXContainerItemProxy */;
		};
/* End PBXTargetDependency section */

/* Begin XCBuildConfiguration section */
		D4E68AFE2C9F07C800792617 /* Debug */ = {
			isa = XCBuildConfiguration;
			buildSettings = {
				ALWAYS_SEARCH_USER_PATHS = NO;
				ASSETCATALOG_COMPILER_GENERATE_SWIFT_ASSET_SYMBOL_EXTENSIONS = YES;
				CLANG_ANALYZER_NONNULL = YES;
				CLANG_ANALYZER_NUMBER_OBJECT_CONVERSION = YES_AGGRESSIVE;
				CLANG_CXX_LANGUAGE_STANDARD = "gnu++20";
				CLANG_ENABLE_MODULES = YES;
				CLANG_ENABLE_OBJC_ARC = YES;
				CLANG_ENABLE_OBJC_WEAK = YES;
				CLANG_WARN_BLOCK_CAPTURE_AUTORELEASING = YES;
				CLANG_WARN_BOOL_CONVERSION = YES;
				CLANG_WARN_COMMA = YES;
				CLANG_WARN_CONSTANT_CONVERSION = YES;
				CLANG_WARN_DEPRECATED_OBJC_IMPLEMENTATIONS = YES;
				CLANG_WARN_DIRECT_OBJC_ISA_USAGE = YES_ERROR;
				CLANG_WARN_DOCUMENTATION_COMMENTS = YES;
				CLANG_WARN_EMPTY_BODY = YES;
				CLANG_WARN_ENUM_CONVERSION = YES;
				CLANG_WARN_INFINITE_RECURSION = YES;
				CLANG_WARN_INT_CONVERSION = YES;
				CLANG_WARN_NON_LITERAL_NULL_CONVERSION = YES;
				CLANG_WARN_OBJC_IMPLICIT_RETAIN_SELF = YES;
				CLANG_WARN_OBJC_LITERAL_CONVERSION = YES;
				CLANG_WARN_OBJC_ROOT_CLASS = YES_ERROR;
				CLANG_WARN_QUOTED_INCLUDE_IN_FRAMEWORK_HEADER = YES;
				CLANG_WARN_RANGE_LOOP_ANALYSIS = YES;
				CLANG_WARN_STRICT_PROTOTYPES = YES;
				CLANG_WARN_SUSPICIOUS_MOVE = YES;
				CLANG_WARN_UNGUARDED_AVAILABILITY = YES_AGGRESSIVE;
				CLANG_WARN_UNREACHABLE_CODE = YES;
				CLANG_WARN__DUPLICATE_METHOD_MATCH = YES;
				COPY_PHASE_STRIP = NO;
				DEBUG_INFORMATION_FORMAT = dwarf;
				ENABLE_STRICT_OBJC_MSGSEND = YES;
				ENABLE_TESTABILITY = YES;
				ENABLE_USER_SCRIPT_SANDBOXING = YES;
				GCC_C_LANGUAGE_STANDARD = gnu17;
				GCC_DYNAMIC_NO_PIC = NO;
				GCC_NO_COMMON_BLOCKS = YES;
				GCC_OPTIMIZATION_LEVEL = 0;
				GCC_PREPROCESSOR_DEFINITIONS = (
					"DEBUG=1",
					"$(inherited)",
				);
				GCC_WARN_64_TO_32_BIT_CONVERSION = YES;
				GCC_WARN_ABOUT_RETURN_TYPE = YES_ERROR;
				GCC_WARN_UNDECLARED_SELECTOR = YES;
				GCC_WARN_UNINITIALIZED_AUTOS = YES_AGGRESSIVE;
				GCC_WARN_UNUSED_FUNCTION = YES;
				GCC_WARN_UNUSED_VARIABLE = YES;
				IPHONEOS_DEPLOYMENT_TARGET = 18.0;
				LOCALIZATION_PREFERS_STRING_CATALOGS = YES;
				MTL_ENABLE_DEBUG_INFO = INCLUDE_SOURCE;
				MTL_FAST_MATH = YES;
				ONLY_ACTIVE_ARCH = YES;
				SDKROOT = iphoneos;
				SWIFT_ACTIVE_COMPILATION_CONDITIONS = "DEBUG $(inherited)";
				SWIFT_OPTIMIZATION_LEVEL = "-Onone";
			};
			name = Debug;
		};
		D4E68AFF2C9F07C800792617 /* Release */ = {
			isa = XCBuildConfiguration;
			buildSettings = {
				ALWAYS_SEARCH_USER_PATHS = NO;
				ASSETCATALOG_COMPILER_GENERATE_SWIFT_ASSET_SYMBOL_EXTENSIONS = YES;
				CLANG_ANALYZER_NONNULL = YES;
				CLANG_ANALYZER_NUMBER_OBJECT_CONVERSION = YES_AGGRESSIVE;
				CLANG_CXX_LANGUAGE_STANDARD = "gnu++20";
				CLANG_ENABLE_MODULES = YES;
				CLANG_ENABLE_OBJC_ARC = YES;
				CLANG_ENABLE_OBJC_WEAK = YES;
				CLANG_WARN_BLOCK_CAPTURE_AUTORELEASING = YES;
				CLANG_WARN_BOOL_CONVERSION = YES;
				CLANG_WARN_COMMA = YES;
				CLANG_WARN_CONSTANT_CONVERSION = YES;
				CLANG_WARN_DEPRECATED_OBJC_IMPLEMENTATIONS = YES;
				CLANG_WARN_DIRECT_OBJC_ISA_USAGE = YES_ERROR;
				CLANG_WARN_DOCUMENTATION_COMMENTS = YES;
				CLANG_WARN_EMPTY_BODY = YES;
				CLANG_WARN_ENUM_CONVERSION = YES;
				CLANG_WARN_INFINITE_RECURSION = YES;
				CLANG_WARN_INT_CONVERSION = YES;
				CLANG_WARN_NON_LITERAL_NULL_CONVERSION = YES;
				CLANG_WARN_OBJC_IMPLICIT_RETAIN_SELF = YES;
				CLANG_WARN_OBJC_LITERAL_CONVERSION = YES;
				CLANG_WARN_OBJC_ROOT_CLASS = YES_ERROR;
				CLANG_WARN_QUOTED_INCLUDE_IN_FRAMEWORK_HEADER = YES;
				CLANG_WARN_RANGE_LOOP_ANALYSIS = YES;
				CLANG_WARN_STRICT_PROTOTYPES = YES;
				CLANG_WARN_SUSPICIOUS_MOVE = YES;
				CLANG_WARN_UNGUARDED_AVAILABILITY = YES_AGGRESSIVE;
				CLANG_WARN_UNREACHABLE_CODE = YES;
				CLANG_WARN__DUPLICATE_METHOD_MATCH = YES;
				COPY_PHASE_STRIP = NO;
				DEBUG_INFORMATION_FORMAT = "dwarf-with-dsym";
				ENABLE_NS_ASSERTIONS = NO;
				ENABLE_STRICT_OBJC_MSGSEND = YES;
				ENABLE_USER_SCRIPT_SANDBOXING = YES;
				GCC_C_LANGUAGE_STANDARD = gnu17;
				GCC_NO_COMMON_BLOCKS = YES;
				GCC_WARN_64_TO_32_BIT_CONVERSION = YES;
				GCC_WARN_ABOUT_RETURN_TYPE = YES_ERROR;
				GCC_WARN_UNDECLARED_SELECTOR = YES;
				GCC_WARN_UNINITIALIZED_AUTOS = YES_AGGRESSIVE;
				GCC_WARN_UNUSED_FUNCTION = YES;
				GCC_WARN_UNUSED_VARIABLE = YES;
				IPHONEOS_DEPLOYMENT_TARGET = 18.0;
				LOCALIZATION_PREFERS_STRING_CATALOGS = YES;
				MTL_ENABLE_DEBUG_INFO = NO;
				MTL_FAST_MATH = YES;
				SDKROOT = iphoneos;
				SWIFT_COMPILATION_MODE = wholemodule;
				VALIDATE_PRODUCT = YES;
			};
			name = Release;
		};
		D4E68B012C9F07C800792617 /* Debug */ = {
			isa = XCBuildConfiguration;
			buildSettings = {
				ASSETCATALOG_COMPILER_APPICON_NAME = AppIcon;
				ASSETCATALOG_COMPILER_GLOBAL_ACCENT_COLOR_NAME = AccentColor;
				CODE_SIGN_STYLE = Automatic;
				CURRENT_PROJECT_VERSION = 1;
				DEVELOPMENT_ASSET_PATHS = "\"PostBud/Preview Content\"";
				DEVELOPMENT_TEAM = BGH2F29R4C;
				ENABLE_PREVIEWS = YES;
				GENERATE_INFOPLIST_FILE = YES;
				INFOPLIST_KEY_UIApplicationSceneManifest_Generation = YES;
				INFOPLIST_KEY_UIApplicationSupportsIndirectInputEvents = YES;
				INFOPLIST_KEY_UILaunchScreen_Generation = YES;
				INFOPLIST_KEY_UISupportedInterfaceOrientations_iPad = "UIInterfaceOrientationPortrait UIInterfaceOrientationPortraitUpsideDown UIInterfaceOrientationLandscapeLeft UIInterfaceOrientationLandscapeRight";
				INFOPLIST_KEY_UISupportedInterfaceOrientations_iPhone = "UIInterfaceOrientationPortrait UIInterfaceOrientationLandscapeLeft UIInterfaceOrientationLandscapeRight";
				LD_RUNPATH_SEARCH_PATHS = (
					"$(inherited)",
					"@executable_path/Frameworks",
				);
				MARKETING_VERSION = 1.0;
				PRODUCT_BUNDLE_IDENTIFIER = arslandevs.PostBud;
				PRODUCT_NAME = "$(TARGET_NAME)";
				SWIFT_EMIT_LOC_STRINGS = YES;
				SWIFT_VERSION = 5.0;
				TARGETED_DEVICE_FAMILY = "1,2";
			};
			name = Debug;
		};
		D4E68B022C9F07C800792617 /* Release */ = {
			isa = XCBuildConfiguration;
			buildSettings = {
				ASSETCATALOG_COMPILER_APPICON_NAME = AppIcon;
				ASSETCATALOG_COMPILER_GLOBAL_ACCENT_COLOR_NAME = AccentColor;
				CODE_SIGN_STYLE = Automatic;
				CURRENT_PROJECT_VERSION = 1;
				DEVELOPMENT_ASSET_PATHS = "\"PostBud/Preview Content\"";
				DEVELOPMENT_TEAM = BGH2F29R4C;
				ENABLE_PREVIEWS = YES;
				GENERATE_INFOPLIST_FILE = YES;
				INFOPLIST_KEY_UIApplicationSceneManifest_Generation = YES;
				INFOPLIST_KEY_UIApplicationSupportsIndirectInputEvents = YES;
				INFOPLIST_KEY_UILaunchScreen_Generation = YES;
				INFOPLIST_KEY_UISupportedInterfaceOrientations_iPad = "UIInterfaceOrientationPortrait UIInterfaceOrientationPortraitUpsideDown UIInterfaceOrientationLandscapeLeft UIInterfaceOrientationLandscapeRight";
				INFOPLIST_KEY_UISupportedInterfaceOrientations_iPhone = "UIInterfaceOrientationPortrait UIInterfaceOrientationLandscapeLeft UIInterfaceOrientationLandscapeRight";
				LD_RUNPATH_SEARCH_PATHS = (
					"$(inherited)",
					"@executable_path/Frameworks",
				);
				MARKETING_VERSION = 1.0;
				PRODUCT_BUNDLE_IDENTIFIER = arslandevs.PostBud;
				PRODUCT_NAME = "$(TARGET_NAME)";
				SWIFT_EMIT_LOC_STRINGS = YES;
				SWIFT_VERSION = 5.0;
				TARGETED_DEVICE_FAMILY = "1,2";
			};
			name = Release;
		};
		D4E68B042C9F07C800792617 /* Debug */ = {
			isa = XCBuildConfiguration;
			buildSettings = {
				BUNDLE_LOADER = "$(TEST_HOST)";
				CODE_SIGN_STYLE = Automatic;
				CURRENT_PROJECT_VERSION = 1;
				DEVELOPMENT_TEAM = BGH2F29R4C;
				GENERATE_INFOPLIST_FILE = YES;
				IPHONEOS_DEPLOYMENT_TARGET = 18.0;
				MARKETING_VERSION = 1.0;
				PRODUCT_BUNDLE_IDENTIFIER = arslandevs.PostBudTests;
				PRODUCT_NAME = "$(TARGET_NAME)";
				SWIFT_EMIT_LOC_STRINGS = NO;
				SWIFT_VERSION = 5.0;
				TARGETED_DEVICE_FAMILY = "1,2";
				TEST_HOST = "$(BUILT_PRODUCTS_DIR)/PostBud.app/$(BUNDLE_EXECUTABLE_FOLDER_PATH)/PostBud";
			};
			name = Debug;
		};
		D4E68B052C9F07C800792617 /* Release */ = {
			isa = XCBuildConfiguration;
			buildSettings = {
				BUNDLE_LOADER = "$(TEST_HOST)";
				CODE_SIGN_STYLE = Automatic;
				CURRENT_PROJECT_VERSION = 1;
				DEVELOPMENT_TEAM = BGH2F29R4C;
				GENERATE_INFOPLIST_FILE = YES;
				IPHONEOS_DEPLOYMENT_TARGET = 18.0;
				MARKETING_VERSION = 1.0;
				PRODUCT_BUNDLE_IDENTIFIER = arslandevs.PostBudTests;
				PRODUCT_NAME = "$(TARGET_NAME)";
				SWIFT_EMIT_LOC_STRINGS = NO;
				SWIFT_VERSION = 5.0;
				TARGETED_DEVICE_FAMILY = "1,2";
				TEST_HOST = "$(BUILT_PRODUCTS_DIR)/PostBud.app/$(BUNDLE_EXECUTABLE_FOLDER_PATH)/PostBud";
			};
			name = Release;
		};
		D4E68B072C9F07C800792617 /* Debug */ = {
			isa = XCBuildConfiguration;
			buildSettings = {
				CODE_SIGN_STYLE = Automatic;
				CURRENT_PROJECT_VERSION = 1;
				DEVELOPMENT_TEAM = BGH2F29R4C;
				GENERATE_INFOPLIST_FILE = YES;
				MARKETING_VERSION = 1.0;
				PRODUCT_BUNDLE_IDENTIFIER = arslandevs.PostBudUITests;
				PRODUCT_NAME = "$(TARGET_NAME)";
				SWIFT_EMIT_LOC_STRINGS = NO;
				SWIFT_VERSION = 5.0;
				TARGETED_DEVICE_FAMILY = "1,2";
				TEST_TARGET_NAME = PostBud;
			};
			name = Debug;
		};
		D4E68B082C9F07C800792617 /* Release */ = {
			isa = XCBuildConfiguration;
			buildSettings = {
				CODE_SIGN_STYLE = Automatic;
				CURRENT_PROJECT_VERSION = 1;
				DEVELOPMENT_TEAM = BGH2F29R4C;
				GENERATE_INFOPLIST_FILE = YES;
				MARKETING_VERSION = 1.0;
				PRODUCT_BUNDLE_IDENTIFIER = arslandevs.PostBudUITests;
				PRODUCT_NAME = "$(TARGET_NAME)";
				SWIFT_EMIT_LOC_STRINGS = NO;
				SWIFT_VERSION = 5.0;
				TARGETED_DEVICE_FAMILY = "1,2";
				TEST_TARGET_NAME = PostBud;
			};
			name = Release;
		};
/* End XCBuildConfiguration section */

/* Begin XCConfigurationList section */
		D4E68AD72C9F07C600792617 /* Build configuration list for PBXProject "PostBud" */ = {
			isa = XCConfigurationList;
			buildConfigurations = (
				D4E68AFE2C9F07C800792617 /* Debug */,
				D4E68AFF2C9F07C800792617 /* Release */,
			);
			defaultConfigurationIsVisible = 0;
			defaultConfigurationName = Release;
		};
		D4E68B002C9F07C800792617 /* Build configuration list for PBXNativeTarget "PostBud" */ = {
			isa = XCConfigurationList;
			buildConfigurations = (
				D4E68B012C9F07C800792617 /* Debug */,
				D4E68B022C9F07C800792617 /* Release */,
			);
			defaultConfigurationIsVisible = 0;
			defaultConfigurationName = Release;
		};
		D4E68B032C9F07C800792617 /* Build configuration list for PBXNativeTarget "PostBudTests" */ = {
			isa = XCConfigurationList;
			buildConfigurations = (
				D4E68B042C9F07C800792617 /* Debug */,
				D4E68B052C9F07C800792617 /* Release */,
			);
			defaultConfigurationIsVisible = 0;
			defaultConfigurationName = Release;
		};
		D4E68B062C9F07C800792617 /* Build configuration list for PBXNativeTarget "PostBudUITests" */ = {
			isa = XCConfigurationList;
			buildConfigurations = (
				D4E68B072C9F07C800792617 /* Debug */,
				D4E68B082C9F07C800792617 /* Release */,
			);
			defaultConfigurationIsVisible = 0;
			defaultConfigurationName = Release;
		};
/* End XCConfigurationList section */

/* Begin XCRemoteSwiftPackageReference section */
		D4E68BA62C9FC85D00792617 /* XCRemoteSwiftPackageReference "firebase-ios-sdk" */ = {
			isa = XCRemoteSwiftPackageReference;
			repositoryURL = "https://github.com/firebase/firebase-ios-sdk";
			requirement = {
				kind = upToNextMajorVersion;
				minimumVersion = 11.2.0;
			};
		};
		D4E68CCC2CA12B6C00792617 /* XCRemoteSwiftPackageReference "Kingfisher" */ = {
			isa = XCRemoteSwiftPackageReference;
			repositoryURL = "https://github.com/onevcat/Kingfisher.git";
			requirement = {
				kind = upToNextMajorVersion;
				minimumVersion = 8.0.3;
			};
		};
/* End XCRemoteSwiftPackageReference section */

/* Begin XCSwiftPackageProductDependency section */
		D4E68BA72C9FC85D00792617 /* FirebaseAuth */ = {
			isa = XCSwiftPackageProductDependency;
			package = D4E68BA62C9FC85D00792617 /* XCRemoteSwiftPackageReference "firebase-ios-sdk" */;
			productName = FirebaseAuth;
		};
		D4E68BA92C9FC85D00792617 /* FirebaseFirestore */ = {
			isa = XCSwiftPackageProductDependency;
			package = D4E68BA62C9FC85D00792617 /* XCRemoteSwiftPackageReference "firebase-ios-sdk" */;
			productName = FirebaseFirestore;
		};
		D4E68BAB2C9FC85D00792617 /* FirebaseStorage */ = {
			isa = XCSwiftPackageProductDependency;
			package = D4E68BA62C9FC85D00792617 /* XCRemoteSwiftPackageReference "firebase-ios-sdk" */;
			productName = FirebaseStorage;
		};
		D4E68CCD2CA12BF800792617 /* Kingfisher */ = {
			isa = XCSwiftPackageProductDependency;
			package = D4E68CCC2CA12B6C00792617 /* XCRemoteSwiftPackageReference "Kingfisher" */;
			productName = Kingfisher;
		};
/* End XCSwiftPackageProductDependency section */
	};
	rootObject = D4E68AD42C9F07C600792617 /* Project object */;
}
